
Microsoft Visual Studio Solution File, Format Version 12.00
# Visual Studio 15
VisualStudioVersion = 15.0.27130.2020
MinimumVisualStudioVersion = 10.0.40219.1
Project("{FAE04EC0-301F-11D3-BF4B-00C04F79EFBC}") = "RepositorySample.Framework", "RepositorySample.Framework\RepositorySample.Framework.csproj", "{A92E875D-49E4-4A45-ACAF-5C7EDCD52FA7}"
EndProject
Project("{FAE04EC0-301F-11D3-BF4B-00C04F79EFBC}") = "RepositorySample.Repositories.MongoDB", "RepositorySample.Repositories.MongoDB\RepositorySample.Repositories.MongoDB.csproj", "{8FE9CE1B-C2FA-4354-BDF2-9B96111E7EF0}"
EndProject
Project("{FAE04EC0-301F-11D3-BF4B-00C04F79EFBC}") = "RepositorySample.Repositories.InMemory", "RepositorySample.Repositories.InMemory\RepositorySample.Repositories.InMemory.csproj", "{CC99654C-2C5C-42CA-8E74-4B1E2FEF2C32}"
EndProject
Global
	GlobalSection(SolutionConfigurationPlatforms) = preSolution
		Debug|Any CPU = Debug|Any CPU
		Release|Any CPU = Release|Any CPU
	EndGlobalSection
	GlobalSection(ProjectConfigurationPlatforms) = postSolution
		{A92E875D-49E4-4A45-ACAF-5C7EDCD52FA7}.Debug|Any CPU.ActiveCfg = Debug|Any CPU
		{A92E875D-49E4-4A45-ACAF-5C7EDCD52FA7}.Debug|Any CPU.Build.0 = Debug|Any CPU
		{A92E875D-49E4-4A45-ACAF-5C7EDCD52FA7}.Release|Any CPU.ActiveCfg = Release|Any CPU
		{A92E875D-49E4-4A45-ACAF-5C7EDCD52FA7}.Release|Any CPU.Build.0 = Release|Any CPU
		{8FE9CE1B-C2FA-4354-BDF2-9B96111E7EF0}.Debug|Any CPU.ActiveCfg = Debug|Any CPU
		{8FE9CE1B-C2FA-4354-BDF2-9B96111E7EF0}.Debug|Any CPU.Build.0 = Debug|Any CPU
		{8FE9CE1B-C2FA-4354-BDF2-9B96111E7EF0}.Release|Any CPU.ActiveCfg = Release|Any CPU
		{8FE9CE1B-C2FA-4354-BDF2-9B96111E7EF0}.Release|Any CPU.Build.0 = Release|Any CPU
		{CC99654C-2C5C-42CA-8E74-4B1E2FEF2C32}.Debug|Any CPU.ActiveCfg = Debug|Any CPU
		{CC99654C-2C5C-42CA-8E74-4B1E2FEF2C32}.Debug|Any CPU.Build.0 = Debug|Any CPU
		{CC99654C-2C5C-42CA-8E74-4B1E2FEF2C32}.Release|Any CPU.ActiveCfg = Release|Any CPU
		{CC99654C-2C5C-42CA-8E74-4B1E2FEF2C32}.Release|Any CPU.Build.0 = Release|Any CPU
	EndGlobalSection
	GlobalSection(SolutionProperties) = preSolution
		HideSolutionNode = FALSE
	EndGlobalSection
	GlobalSection(ExtensibilityGlobals) = postSolution
		SolutionGuid = {15927C3C-0683-4237-89BE-C3F3694D37C0}
	EndGlobalSection
EndGlobal
